# This file is automatically generated.
# It is not intended for manual editing.
version = 1

[[packages]]
name = "cosmonic:kafka"
registry = "cosmonic.com"

[[packages.versions]]
requirement = "=0.5.0"
version = "0.5.0"
digest = "sha256:278f0e84f1d99829f1b057c4ecdbc26ae1b71bfaf0bcc28a4ed7cc488e6a8cce"

[[packages]]
name = "wasi:cli"
registry = "wasi.dev"

[[packages.versions]]
requirement = "=0.3.0"
version = "0.3.0"
digest = "sha256:3a2d58743b67a057f7210b9a73d3b21b34ec7895ffe34d1cb092927307156e40"
