# This file is automatically generated.
# It is not intended for manual editing.
version = 1

[[packages]]
name = "cosmonic:kafka"
registry = "cosmonic.com"

[[packages.versions]]
requirement = "=0.5.0"
version = "0.5.0"
digest = "sha256:278f0e84f1d99829f1b057c4ecdbc26ae1b71bfaf0bcc28a4ed7cc488e6a8cce"
